{
  "name": "igo-dust",
  "version": "1.0.0",
  "lockfileVersion": 1,
  "requires": true,
  "dependencies": {
    "async": {
      "version": "3.2.0",
      "resolved": "https://registry.npmjs.org/async/-/async-3.2.0.tgz",
      "integrity": "sha512-TR2mEZFVOj2pLStYxLht7TyfuRzaydfpxr3k9RpHIzMgw7A64dzsdqCxH1WJyQdoe8T10nDXd9wnEigmiuHIZw=="
    },
    "igo-dust": {
      "version": "0.1.15",
      "resolved": "https://registry.npmjs.org/igo-dust/-/igo-dust-0.1.15.tgz",
      "integrity": "sha512-6jsKXCI6wLcwd6ySNb0iu+XBI3OXZVXoPGyTuTRLA32YKNnP3XkBSKZZqnRJCS+Seh7IMCYa6qfhz40Hk047vA=="
    }
  }
}
